
Microsoft Visual Studio Solution File, Format Version 12.00
# Visual Studio Version 17
VisualStudioVersion = 17.14.36109.1
MinimumVisualStudioVersion = 10.0.40219.1
Project("{FAE04EC0-301F-11D3-BF4B-00C04F79EFBC}") = "Task 2", "Task 2.csproj", "{2C4E49F7-AE5B-4377-9811-B179AA63BAA7}"
EndProject
Project("{FAE04EC0-301F-11D3-BF4B-00C04F79EFBC}") = "Task 3", "..\Task 3\Task 3.csproj", "{3910CEA0-D69B-46B6-B53D-823BFBE62882}"
EndProject
Project("{FAE04EC0-301F-11D3-BF4B-00C04F79EFBC}") = "Task 4", "..\Task 4\Task 4.csproj", "{BA354C86-3EFB-4058-B498-8F6B386C6CCA}"
EndProject
Project("{FAE04EC0-301F-11D3-BF4B-00C04F79EFBC}") = "Task 5", "..\Task 5\Task 5.csproj", "{920DF655-7FB2-41AE-B719-9B21B8B48D59}"
EndProject
Project("{FAE04EC0-301F-11D3-BF4B-00C04F79EFBC}") = "Task 6", "..\Task 6\Task 6.csproj", "{F35B6192-EAD9-4DCD-BD67-2A9FB644152D}"
EndProject
Global
	GlobalSection(SolutionConfigurationPlatforms) = preSolution
		Debug|Any CPU = Debug|Any CPU
		Release|Any CPU = Release|Any CPU
	EndGlobalSection
	GlobalSection(ProjectConfigurationPlatforms) = postSolution
		{2C4E49F7-AE5B-4377-9811-B179AA63BAA7}.Debug|Any CPU.ActiveCfg = Debug|Any CPU
		{2C4E49F7-AE5B-4377-9811-B179AA63BAA7}.Debug|Any CPU.Build.0 = Debug|Any CPU
		{2C4E49F7-AE5B-4377-9811-B179AA63BAA7}.Release|Any CPU.ActiveCfg = Release|Any CPU
		{2C4E49F7-AE5B-4377-9811-B179AA63BAA7}.Release|Any CPU.Build.0 = Release|Any CPU
		{3910CEA0-D69B-46B6-B53D-823BFBE62882}.Debug|Any CPU.ActiveCfg = Debug|Any CPU
		{3910CEA0-D69B-46B6-B53D-823BFBE62882}.Debug|Any CPU.Build.0 = Debug|Any CPU
		{3910CEA0-D69B-46B6-B53D-823BFBE62882}.Release|Any CPU.ActiveCfg = Release|Any CPU
		{3910CEA0-D69B-46B6-B53D-823BFBE62882}.Release|Any CPU.Build.0 = Release|Any CPU
		{BA354C86-3EFB-4058-B498-8F6B386C6CCA}.Debug|Any CPU.ActiveCfg = Debug|Any CPU
		{BA354C86-3EFB-4058-B498-8F6B386C6CCA}.Debug|Any CPU.Build.0 = Debug|Any CPU
		{BA354C86-3EFB-4058-B498-8F6B386C6CCA}.Release|Any CPU.ActiveCfg = Release|Any CPU
		{BA354C86-3EFB-4058-B498-8F6B386C6CCA}.Release|Any CPU.Build.0 = Release|Any CPU
		{920DF655-7FB2-41AE-B719-9B21B8B48D59}.Debug|Any CPU.ActiveCfg = Debug|Any CPU
		{920DF655-7FB2-41AE-B719-9B21B8B48D59}.Debug|Any CPU.Build.0 = Debug|Any CPU
		{920DF655-7FB2-41AE-B719-9B21B8B48D59}.Release|Any CPU.ActiveCfg = Release|Any CPU
		{920DF655-7FB2-41AE-B719-9B21B8B48D59}.Release|Any CPU.Build.0 = Release|Any CPU
		{F35B6192-EAD9-4DCD-BD67-2A9FB644152D}.Debug|Any CPU.ActiveCfg = Debug|Any CPU
		{F35B6192-EAD9-4DCD-BD67-2A9FB644152D}.Debug|Any CPU.Build.0 = Debug|Any CPU
		{F35B6192-EAD9-4DCD-BD67-2A9FB644152D}.Release|Any CPU.ActiveCfg = Release|Any CPU
		{F35B6192-EAD9-4DCD-BD67-2A9FB644152D}.Release|Any CPU.Build.0 = Release|Any CPU
	EndGlobalSection
	GlobalSection(SolutionProperties) = preSolution
		HideSolutionNode = FALSE
	EndGlobalSection
	GlobalSection(ExtensibilityGlobals) = postSolution
		SolutionGuid = {F2996634-7280-4006-852B-F5FA680D704A}
	EndGlobalSection
EndGlobal
