
Microsoft Visual Studio Solution File, Format Version 12.00
# Visual Studio Version 17
VisualStudioVersion = 17.14.36109.1 d17.14
MinimumVisualStudioVersion = 10.0.40219.1
Project("{FAE04EC0-301F-11D3-BF4B-00C04F79EFBC}") = "Task 1", "Task 1.csproj", "{323EC318-7147-43CB-A7BC-BF6554239119}"
EndProject
Project("{FAE04EC0-301F-11D3-BF4B-00C04F79EFBC}") = "Task 2", "..\Task 2\Task 2.csproj", "{6D56D434-1FF9-423A-AAFA-62E446EE7D08}"
EndProject
Global
	GlobalSection(SolutionConfigurationPlatforms) = preSolution
		Debug|Any CPU = Debug|Any CPU
		Release|Any CPU = Release|Any CPU
	EndGlobalSection
	GlobalSection(ProjectConfigurationPlatforms) = postSolution
		{323EC318-7147-43CB-A7BC-BF6554239119}.Debug|Any CPU.ActiveCfg = Debug|Any CPU
		{323EC318-7147-43CB-A7BC-BF6554239119}.Debug|Any CPU.Build.0 = Debug|Any CPU
		{323EC318-7147-43CB-A7BC-BF6554239119}.Release|Any CPU.ActiveCfg = Release|Any CPU
		{323EC318-7147-43CB-A7BC-BF6554239119}.Release|Any CPU.Build.0 = Release|Any CPU
		{6D56D434-1FF9-423A-AAFA-62E446EE7D08}.Debug|Any CPU.ActiveCfg = Debug|Any CPU
		{6D56D434-1FF9-423A-AAFA-62E446EE7D08}.Debug|Any CPU.Build.0 = Debug|Any CPU
		{6D56D434-1FF9-423A-AAFA-62E446EE7D08}.Release|Any CPU.ActiveCfg = Release|Any CPU
		{6D56D434-1FF9-423A-AAFA-62E446EE7D08}.Release|Any CPU.Build.0 = Release|Any CPU
	EndGlobalSection
	GlobalSection(SolutionProperties) = preSolution
		HideSolutionNode = FALSE
	EndGlobalSection
	GlobalSection(ExtensibilityGlobals) = postSolution
		SolutionGuid = {FA414643-2E55-4C78-A760-636D63D0C018}
	EndGlobalSection
EndGlobal
